github.com/gozelle/check v1.0.0 h1:GW6PJDe1lCHwl1YkidY+bVpVVuM7IA/0gzzPfYQdcUE=
github.com/gozelle/color v1.14.1 h1:LaL/QqtYQ2U0I8qYPh2YZ7yBMR0t8S6QKMtspt0tFlM=
github.com/gozelle/color v1.14.1/go.mod h1:DHZWJhgd/EivRAAzewN+szF5jC4AEDN3tnHdktjVeq8=
github.com/gozelle/go-difflib v1.0.0 h1:BIQXTH387TRKUtDGMTaPmoFKKWZQMRR4mSxxcPLOjXQ=
github.com/gozelle/go-difflib v1.0.0/go.mod h1:PcDy306aUy3I8kB5ohutXpbhkgQlygtcBjf+pENv2gY=
github.com/gozelle/go-internal v1.9.0 h1:VVobf+WAesfyYtHklxbmzo+2IXdTw3PxiwkmwC6QTTA=
github.com/gozelle/objx v0.5.10 h1:lbYJdhSwnljJNpyRRbbqJt+uF3z66om0RsiR175sHAk=
github.com/gozelle/objx v0.5.10/go.mod h1:3muRr1Da1mCg3D+wYBicuZaHtGbvfLCgewfYJoz7cbs=
github.com/gozelle/pretty v0.3.1 h1:dtU7yIlzRqiMmB9TcunypDfvAC/QOP0K8y/BKKOrgRg=
github.com/gozelle/spew v1.1.17 h1:vuPw/AnJQaVsNTZIjgyMTXDbIUEEn309QBFQPgG44oQ=
github.com/gozelle/spew v1.1.17/go.mod h1:/mxhg2oObEemDs3+L36p5+VpBsOMpW1dnsOmLKmKg6U=
github.com/gozelle/text v0.2.0 h1:p0p6mIm1aD0lDN798Pfx9T0itU8O/iUoauFvPUtV6Gw=
github.com/gozelle/yaml v0.0.0-20221214152138-81b78a92d903 h1:Z5bL8fjqThaLRa3MdQoESurwiUh8KZksKRQvLWY+h/c=
github.com/gozelle/yaml v0.0.0-20221214152138-81b78a92d903/go.mod h1:0Pp3KXweJJtxd5jzd6y3qW2DpjEFAlYc7oRDtuhMFjg=
github.com/mattn/go-colorable v0.1.13 h1:fFA4WZxdEF4tXPZVKMLwD8oUnCTTo08duU7wxecdEvA=
github.com/mattn/go-colorable v0.1.13/go.mod h1:7S9/ev0klgBDR4GtXTXX8a3vIGJpMovkB8vQcUbaXHg=
github.com/mattn/go-isatty v0.0.16/go.mod h1:kYGgaQfpe5nmfYZH+SKPsOc2e4SrIfOl2e/yFXSvRLM=
github.com/mattn/go-isatty v0.0.17 h1:BTarxUcIeDqL27Mc+vyvdWYSL28zpIhv3RoTdsLMPng=
github.com/mattn/go-isatty v0.0.17/go.mod h1:kYGgaQfpe5nmfYZH+SKPsOc2e4SrIfOl2e/yFXSvRLM=
golang.org/x/sys v0.0.0-20220811171246-fbc7d0a398ab/go.mod h1:oPkhp1MJrh7nUepCBck5+mAzfO9JrbApNNgaTdGDITg=
golang.org/x/sys v0.3.0 h1:w8ZOecv6NaNa/zC8944JTU3vz4u6Lagfk4RPQxv92NQ=
golang.org/x/sys v0.3.0/go.mod h1:oPkhp1MJrh7nUepCBck5+mAzfO9JrbApNNgaTdGDITg=
